github.com/exponential-decay/signature-development-utility/pkg/sigdevutil v0.0.0-20201005232025-66d3cd248f28 h1:zrLOTAWQ7Dv59dFbOUigZ8PIMzn3OaRunGdVxOZJelA=
github.com/exponential-decay/signature-development-utility/pkg/sigdevutil v0.0.0-20201005232025-66d3cd248f28/go.mod h1:cO5Ws/h0KmaKL2htnRrji3WwiRx8HeyUmwzgzCb6NIo=
